
Microsoft Visual Studio Solution File, Format Version 12.00
# Visual Studio Version 17
VisualStudioVersion = 17.3.32825.248
MinimumVisualStudioVersion = 10.0.40219.1
Project("{8BC9CEB8-8B4A-11D0-8D11-00A0C91BC942}") = "Figures", "Figures\Figures.vcxproj", "{00ED93CB-06BD-481E-8017-1989980647AC}"
EndProject
Project("{8BC9CEB8-8B4A-11D0-8D11-00A0C91BC942}") = "FiguresApp", "FiguresApp\FiguresApp.vcxproj", "{66C6FC07-C638-45F5-9574-2938A3293F78}"
EndProject
Global
	GlobalSection(SolutionConfigurationPlatforms) = preSolution
		Debug|x64 = Debug|x64
		Debug|x86 = Debug|x86
		Release|x64 = Release|x64
		Release|x86 = Release|x86
	EndGlobalSection
	GlobalSection(ProjectConfigurationPlatforms) = postSolution
		{00ED93CB-06BD-481E-8017-1989980647AC}.Debug|x64.ActiveCfg = Debug|x64
		{00ED93CB-06BD-481E-8017-1989980647AC}.Debug|x64.Build.0 = Debug|x64
		{00ED93CB-06BD-481E-8017-1989980647AC}.Debug|x86.ActiveCfg = Debug|Win32
		{00ED93CB-06BD-481E-8017-1989980647AC}.Debug|x86.Build.0 = Debug|Win32
		{00ED93CB-06BD-481E-8017-1989980647AC}.Release|x64.ActiveCfg = Release|x64
		{00ED93CB-06BD-481E-8017-1989980647AC}.Release|x64.Build.0 = Release|x64
		{00ED93CB-06BD-481E-8017-1989980647AC}.Release|x86.ActiveCfg = Release|Win32
		{00ED93CB-06BD-481E-8017-1989980647AC}.Release|x86.Build.0 = Release|Win32
		{66C6FC07-C638-45F5-9574-2938A3293F78}.Debug|x64.ActiveCfg = Debug|x64
		{66C6FC07-C638-45F5-9574-2938A3293F78}.Debug|x64.Build.0 = Debug|x64
		{66C6FC07-C638-45F5-9574-2938A3293F78}.Debug|x86.ActiveCfg = Debug|Win32
		{66C6FC07-C638-45F5-9574-2938A3293F78}.Debug|x86.Build.0 = Debug|Win32
		{66C6FC07-C638-45F5-9574-2938A3293F78}.Release|x64.ActiveCfg = Release|x64
		{66C6FC07-C638-45F5-9574-2938A3293F78}.Release|x64.Build.0 = Release|x64
		{66C6FC07-C638-45F5-9574-2938A3293F78}.Release|x86.ActiveCfg = Release|Win32
		{66C6FC07-C638-45F5-9574-2938A3293F78}.Release|x86.Build.0 = Release|Win32
	EndGlobalSection
	GlobalSection(SolutionProperties) = preSolution
		HideSolutionNode = FALSE
	EndGlobalSection
	GlobalSection(ExtensibilityGlobals) = postSolution
		SolutionGuid = {92279ABD-1598-4884-BE04-AF6B49C36650}
	EndGlobalSection
EndGlobal
